# THIS IS AN AUTOGENERATED FILE. DO NOT EDIT THIS FILE DIRECTLY.
# yarn lockfile v1


"react-dom@link:../node_modules/react-dom":
  version "0.0.0"
  uid ""

"react-scripts@link:../node_modules/react-scripts":
  version "0.0.0"
  uid ""

"react@link:../node_modules/react":
  version "0.0.0"
  uid ""

"utils@link:..":
  version "0.0.0"
  uid ""
